
Microsoft Visual Studio Solution File, Format Version 12.00
# Visual Studio 15
VisualStudioVersion = 15.0.27703.2018
MinimumVisualStudioVersion = 10.0.40219.1
Project("{FAE04EC0-301F-11D3-BF4B-00C04F79EFBC}") = "UPSParks", "UPSParks\UPSParks.csproj", "{FECF09E3-5C68-4F8B-BA9F-C02E60269B85}"
EndProject
Project("{FAE04EC0-301F-11D3-BF4B-00C04F79EFBC}") = "Arduino", "Arduino\Arduino.csproj", "{3B5D99BE-A88A-4951-9ED4-DCF2DA1A21F2}"
EndProject
Global
	GlobalSection(SolutionConfigurationPlatforms) = preSolution
		Debug|Any CPU = Debug|Any CPU
		Release|Any CPU = Release|Any CPU
	EndGlobalSection
	GlobalSection(ProjectConfigurationPlatforms) = postSolution
		{FECF09E3-5C68-4F8B-BA9F-C02E60269B85}.Debug|Any CPU.ActiveCfg = Debug|Any CPU
		{FECF09E3-5C68-4F8B-BA9F-C02E60269B85}.Debug|Any CPU.Build.0 = Debug|Any CPU
		{FECF09E3-5C68-4F8B-BA9F-C02E60269B85}.Release|Any CPU.ActiveCfg = Release|Any CPU
		{FECF09E3-5C68-4F8B-BA9F-C02E60269B85}.Release|Any CPU.Build.0 = Release|Any CPU
		{3B5D99BE-A88A-4951-9ED4-DCF2DA1A21F2}.Debug|Any CPU.ActiveCfg = Debug|Any CPU
		{3B5D99BE-A88A-4951-9ED4-DCF2DA1A21F2}.Debug|Any CPU.Build.0 = Debug|Any CPU
		{3B5D99BE-A88A-4951-9ED4-DCF2DA1A21F2}.Release|Any CPU.ActiveCfg = Release|Any CPU
		{3B5D99BE-A88A-4951-9ED4-DCF2DA1A21F2}.Release|Any CPU.Build.0 = Release|Any CPU
	EndGlobalSection
	GlobalSection(SolutionProperties) = preSolution
		HideSolutionNode = FALSE
	EndGlobalSection
	GlobalSection(ExtensibilityGlobals) = postSolution
		SolutionGuid = {699C48FE-B21C-4D0D-9C81-21C5D9DE2359}
	EndGlobalSection
EndGlobal
